
Microsoft Visual Studio Solution File, Format Version 12.00
# Visual Studio 14
VisualStudioVersion = 14.0.23107.0
MinimumVisualStudioVersion = 10.0.40219.1
Project("{FAE04EC0-301F-11D3-BF4B-00C04F79EFBC}") = "CatchTheButton", "CatchTheButton\CatchTheButton\CatchTheButton.csproj", "{9074C72E-D1D4-49C7-9C33-039FC3530C44}"
EndProject
Project("{FAE04EC0-301F-11D3-BF4B-00C04F79EFBC}") = "CatchTheButton.iOS", "CatchTheButton\CatchTheButton.iOS\CatchTheButton.iOS.csproj", "{CBF266BC-0EAA-4761-B8FC-BB6445BBE267}"
EndProject
Project("{FAE04EC0-301F-11D3-BF4B-00C04F79EFBC}") = "CatchTheButton.Droid", "CatchTheButton\CatchTheButton.Droid\CatchTheButton.Droid.csproj", "{97616634-155C-40E3-BEAE-5C65C263144D}"
EndProject
Project("{FAE04EC0-301F-11D3-BF4B-00C04F79EFBC}") = "CatchTheButton.WinPhone", "CatchTheButton\CatchTheButton.WinPhone\CatchTheButton.WinPhone.csproj", "{D0A42556-4834-422C-B581-290430030659}"
EndProject
Global
	GlobalSection(SolutionConfigurationPlatforms) = preSolution
		Ad-Hoc|Any CPU = Ad-Hoc|Any CPU
		Ad-Hoc|ARM = Ad-Hoc|ARM
		Ad-Hoc|iPhone = Ad-Hoc|iPhone
		Ad-Hoc|iPhoneSimulator = Ad-Hoc|iPhoneSimulator
		Ad-Hoc|x86 = Ad-Hoc|x86
		AppStore|Any CPU = AppStore|Any CPU
		AppStore|ARM = AppStore|ARM
		AppStore|iPhone = AppStore|iPhone
		AppStore|iPhoneSimulator = AppStore|iPhoneSimulator
		AppStore|x86 = AppStore|x86
		Debug|Any CPU = Debug|Any CPU
		Debug|ARM = Debug|ARM
		Debug|iPhone = Debug|iPhone
		Debug|iPhoneSimulator = Debug|iPhoneSimulator
		Debug|x86 = Debug|x86
		Release|Any CPU = Release|Any CPU
		Release|ARM = Release|ARM
		Release|iPhone = Release|iPhone
		Release|iPhoneSimulator = Release|iPhoneSimulator
		Release|x86 = Release|x86
	EndGlobalSection
	GlobalSection(ProjectConfigurationPlatforms) = postSolution
		{9074C72E-D1D4-49C7-9C33-039FC3530C44}.Ad-Hoc|Any CPU.ActiveCfg = Release|Any CPU
		{9074C72E-D1D4-49C7-9C33-039FC3530C44}.Ad-Hoc|Any CPU.Build.0 = Release|Any CPU
		{9074C72E-D1D4-49C7-9C33-039FC3530C44}.Ad-Hoc|ARM.ActiveCfg = Release|Any CPU
		{9074C72E-D1D4-49C7-9C33-039FC3530C44}.Ad-Hoc|ARM.Build.0 = Release|Any CPU
		{9074C72E-D1D4-49C7-9C33-039FC3530C44}.Ad-Hoc|iPhone.ActiveCfg = Release|Any CPU
		{9074C72E-D1D4-49C7-9C33-039FC3530C44}.Ad-Hoc|iPhone.Build.0 = Release|Any CPU
		{9074C72E-D1D4-49C7-9C33-039FC3530C44}.Ad-Hoc|iPhoneSimulator.ActiveCfg = Release|Any CPU
		{9074C72E-D1D4-49C7-9C33-039FC3530C44}.Ad-Hoc|iPhoneSimulator.Build.0 = Release|Any CPU
		{9074C72E-D1D4-49C7-9C33-039FC3530C44}.Ad-Hoc|x86.ActiveCfg = Release|Any CPU
		{9074C72E-D1D4-49C7-9C33-039FC3530C44}.Ad-Hoc|x86.Build.0 = Release|Any CPU
		{9074C72E-D1D4-49C7-9C33-039FC3530C44}.AppStore|Any CPU.ActiveCfg = Release|Any CPU
		{9074C72E-D1D4-49C7-9C33-039FC3530C44}.AppStore|Any CPU.Build.0 = Release|Any CPU
		{9074C72E-D1D4-49C7-9C33-039FC3530C44}.AppStore|ARM.ActiveCfg = Release|Any CPU
		{9074C72E-D1D4-49C7-9C33-039FC3530C44}.AppStore|ARM.Build.0 = Release|Any CPU
		{9074C72E-D1D4-49C7-9C33-039FC3530C44}.AppStore|iPhone.ActiveCfg = Release|Any CPU
		{9074C72E-D1D4-49C7-9C33-039FC3530C44}.AppStore|iPhone.Build.0 = Release|Any CPU
		{9074C72E-D1D4-49C7-9C33-039FC3530C44}.AppStore|iPhoneSimulator.ActiveCfg = Release|Any CPU
		{9074C72E-D1D4-49C7-9C33-039FC3530C44}.AppStore|iPhoneSimulator.Build.0 = Release|Any CPU
		{9074C72E-D1D4-49C7-9C33-039FC3530C44}.AppStore|x86.ActiveCfg = Release|Any CPU
		{9074C72E-D1D4-49C7-9C33-039FC3530C44}.AppStore|x86.Build.0 = Release|Any CPU
		{9074C72E-D1D4-49C7-9C33-039FC3530C44}.Debug|Any CPU.ActiveCfg = Debug|Any CPU
		{9074C72E-D1D4-49C7-9C33-039FC3530C44}.Debug|Any CPU.Build.0 = Debug|Any CPU
		{9074C72E-D1D4-49C7-9C33-039FC3530C44}.Debug|ARM.ActiveCfg = Debug|Any CPU
		{9074C72E-D1D4-49C7-9C33-039FC3530C44}.Debug|ARM.Build.0 = Debug|Any CPU
		{9074C72E-D1D4-49C7-9C33-039FC3530C44}.Debug|iPhone.ActiveCfg = Debug|Any CPU
		{9074C72E-D1D4-49C7-9C33-039FC3530C44}.Debug|iPhone.Build.0 = Debug|Any CPU
		{9074C72E-D1D4-49C7-9C33-039FC3530C44}.Debug|iPhoneSimulator.ActiveCfg = Debug|Any CPU
		{9074C72E-D1D4-49C7-9C33-039FC3530C44}.Debug|iPhoneSimulator.Build.0 = Debug|Any CPU
		{9074C72E-D1D4-49C7-9C33-039FC3530C44}.Debug|x86.ActiveCfg = Debug|Any CPU
		{9074C72E-D1D4-49C7-9C33-039FC3530C44}.Debug|x86.Build.0 = Debug|Any CPU
		{9074C72E-D1D4-49C7-9C33-039FC3530C44}.Release|Any CPU.ActiveCfg = Release|Any CPU
		{9074C72E-D1D4-49C7-9C33-039FC3530C44}.Release|Any CPU.Build.0 = Release|Any CPU
		{9074C72E-D1D4-49C7-9C33-039FC3530C44}.Release|ARM.ActiveCfg = Release|Any CPU
		{9074C72E-D1D4-49C7-9C33-039FC3530C44}.Release|ARM.Build.0 = Release|Any CPU
		{9074C72E-D1D4-49C7-9C33-039FC3530C44}.Release|iPhone.ActiveCfg = Release|Any CPU
		{9074C72E-D1D4-49C7-9C33-039FC3530C44}.Release|iPhone.Build.0 = Release|Any CPU
		{9074C72E-D1D4-49C7-9C33-039FC3530C44}.Release|iPhoneSimulator.ActiveCfg = Release|Any CPU
		{9074C72E-D1D4-49C7-9C33-039FC3530C44}.Release|iPhoneSimulator.Build.0 = Release|Any CPU
		{9074C72E-D1D4-49C7-9C33-039FC3530C44}.Release|x86.ActiveCfg = Release|Any CPU
		{9074C72E-D1D4-49C7-9C33-039FC3530C44}.Release|x86.Build.0 = Release|Any CPU
		{CBF266BC-0EAA-4761-B8FC-BB6445BBE267}.Ad-Hoc|Any CPU.ActiveCfg = Ad-Hoc|iPhone
		{CBF266BC-0EAA-4761-B8FC-BB6445BBE267}.Ad-Hoc|ARM.ActiveCfg = Ad-Hoc|iPhone
		{CBF266BC-0EAA-4761-B8FC-BB6445BBE267}.Ad-Hoc|iPhone.ActiveCfg = Ad-Hoc|iPhone
		{CBF266BC-0EAA-4761-B8FC-BB6445BBE267}.Ad-Hoc|iPhone.Build.0 = Ad-Hoc|iPhone
		{CBF266BC-0EAA-4761-B8FC-BB6445BBE267}.Ad-Hoc|iPhoneSimulator.ActiveCfg = Ad-Hoc|iPhoneSimulator
		{CBF266BC-0EAA-4761-B8FC-BB6445BBE267}.Ad-Hoc|iPhoneSimulator.Build.0 = Ad-Hoc|iPhoneSimulator
		{CBF266BC-0EAA-4761-B8FC-BB6445BBE267}.Ad-Hoc|x86.ActiveCfg = Ad-Hoc|iPhone
		{CBF266BC-0EAA-4761-B8FC-BB6445BBE267}.AppStore|Any CPU.ActiveCfg = AppStore|iPhone
		{CBF266BC-0EAA-4761-B8FC-BB6445BBE267}.AppStore|ARM.ActiveCfg = AppStore|iPhone
		{CBF266BC-0EAA-4761-B8FC-BB6445BBE267}.AppStore|iPhone.ActiveCfg = AppStore|iPhone
		{CBF266BC-0EAA-4761-B8FC-BB6445BBE267}.AppStore|iPhone.Build.0 = AppStore|iPhone
		{CBF266BC-0EAA-4761-B8FC-BB6445BBE267}.AppStore|iPhoneSimulator.ActiveCfg = AppStore|iPhoneSimulator
		{CBF266BC-0EAA-4761-B8FC-BB6445BBE267}.AppStore|iPhoneSimulator.Build.0 = AppStore|iPhoneSimulator
		{CBF266BC-0EAA-4761-B8FC-BB6445BBE267}.AppStore|x86.ActiveCfg = AppStore|iPhone
		{CBF266BC-0EAA-4761-B8FC-BB6445BBE267}.Debug|Any CPU.ActiveCfg = Debug|iPhone
		{CBF266BC-0EAA-4761-B8FC-BB6445BBE267}.Debug|ARM.ActiveCfg = Debug|iPhone
		{CBF266BC-0EAA-4761-B8FC-BB6445BBE267}.Debug|iPhone.ActiveCfg = Debug|iPhone
		{CBF266BC-0EAA-4761-B8FC-BB6445BBE267}.Debug|iPhone.Build.0 = Debug|iPhone
		{CBF266BC-0EAA-4761-B8FC-BB6445BBE267}.Debug|iPhoneSimulator.ActiveCfg = Debug|iPhoneSimulator
		{CBF266BC-0EAA-4761-B8FC-BB6445BBE267}.Debug|iPhoneSimulator.Build.0 = Debug|iPhoneSimulator
		{CBF266BC-0EAA-4761-B8FC-BB6445BBE267}.Debug|x86.ActiveCfg = Debug|iPhone
		{CBF266BC-0EAA-4761-B8FC-BB6445BBE267}.Release|Any CPU.ActiveCfg = Release|iPhone
		{CBF266BC-0EAA-4761-B8FC-BB6445BBE267}.Release|ARM.ActiveCfg = Release|iPhone
		{CBF266BC-0EAA-4761-B8FC-BB6445BBE267}.Release|iPhone.ActiveCfg = Release|iPhone
		{CBF266BC-0EAA-4761-B8FC-BB6445BBE267}.Release|iPhone.Build.0 = Release|iPhone
		{CBF266BC-0EAA-4761-B8FC-BB6445BBE267}.Release|iPhoneSimulator.ActiveCfg = Release|iPhoneSimulator
		{CBF266BC-0EAA-4761-B8FC-BB6445BBE267}.Release|iPhoneSimulator.Build.0 = Release|iPhoneSimulator
		{CBF266BC-0EAA-4761-B8FC-BB6445BBE267}.Release|x86.ActiveCfg = Release|iPhone
		{97616634-155C-40E3-BEAE-5C65C263144D}.Ad-Hoc|Any CPU.ActiveCfg = Release|Any CPU
		{97616634-155C-40E3-BEAE-5C65C263144D}.Ad-Hoc|Any CPU.Build.0 = Release|Any CPU
		{97616634-155C-40E3-BEAE-5C65C263144D}.Ad-Hoc|Any CPU.Deploy.0 = Release|Any CPU
		{97616634-155C-40E3-BEAE-5C65C263144D}.Ad-Hoc|ARM.ActiveCfg = Release|Any CPU
		{97616634-155C-40E3-BEAE-5C65C263144D}.Ad-Hoc|ARM.Build.0 = Release|Any CPU
		{97616634-155C-40E3-BEAE-5C65C263144D}.Ad-Hoc|ARM.Deploy.0 = Release|Any CPU
		{97616634-155C-40E3-BEAE-5C65C263144D}.Ad-Hoc|iPhone.ActiveCfg = Release|Any CPU
		{97616634-155C-40E3-BEAE-5C65C263144D}.Ad-Hoc|iPhone.Build.0 = Release|Any CPU
		{97616634-155C-40E3-BEAE-5C65C263144D}.Ad-Hoc|iPhone.Deploy.0 = Release|Any CPU
		{97616634-155C-40E3-BEAE-5C65C263144D}.Ad-Hoc|iPhoneSimulator.ActiveCfg = Release|Any CPU
		{97616634-155C-40E3-BEAE-5C65C263144D}.Ad-Hoc|iPhoneSimulator.Build.0 = Release|Any CPU
		{97616634-155C-40E3-BEAE-5C65C263144D}.Ad-Hoc|iPhoneSimulator.Deploy.0 = Release|Any CPU
		{97616634-155C-40E3-BEAE-5C65C263144D}.Ad-Hoc|x86.ActiveCfg = Release|Any CPU
		{97616634-155C-40E3-BEAE-5C65C263144D}.Ad-Hoc|x86.Build.0 = Release|Any CPU
		{97616634-155C-40E3-BEAE-5C65C263144D}.Ad-Hoc|x86.Deploy.0 = Release|Any CPU
		{97616634-155C-40E3-BEAE-5C65C263144D}.AppStore|Any CPU.ActiveCfg = Release|Any CPU
		{97616634-155C-40E3-BEAE-5C65C263144D}.AppStore|Any CPU.Build.0 = Release|Any CPU
		{97616634-155C-40E3-BEAE-5C65C263144D}.AppStore|Any CPU.Deploy.0 = Release|Any CPU
		{97616634-155C-40E3-BEAE-5C65C263144D}.AppStore|ARM.ActiveCfg = Release|Any CPU
		{97616634-155C-40E3-BEAE-5C65C263144D}.AppStore|ARM.Build.0 = Release|Any CPU
		{97616634-155C-40E3-BEAE-5C65C263144D}.AppStore|ARM.Deploy.0 = Release|Any CPU
		{97616634-155C-40E3-BEAE-5C65C263144D}.AppStore|iPhone.ActiveCfg = Release|Any CPU
		{97616634-155C-40E3-BEAE-5C65C263144D}.AppStore|iPhone.Build.0 = Release|Any CPU
		{97616634-155C-40E3-BEAE-5C65C263144D}.AppStore|iPhone.Deploy.0 = Release|Any CPU
		{97616634-155C-40E3-BEAE-5C65C263144D}.AppStore|iPhoneSimulator.ActiveCfg = Release|Any CPU
		{97616634-155C-40E3-BEAE-5C65C263144D}.AppStore|iPhoneSimulator.Build.0 = Release|Any CPU
		{97616634-155C-40E3-BEAE-5C65C263144D}.AppStore|iPhoneSimulator.Deploy.0 = Release|Any CPU
		{97616634-155C-40E3-BEAE-5C65C263144D}.AppStore|x86.ActiveCfg = Release|Any CPU
		{97616634-155C-40E3-BEAE-5C65C263144D}.AppStore|x86.Build.0 = Release|Any CPU
		{97616634-155C-40E3-BEAE-5C65C263144D}.AppStore|x86.Deploy.0 = Release|Any CPU
		{97616634-155C-40E3-BEAE-5C65C263144D}.Debug|Any CPU.ActiveCfg = Debug|Any CPU
		{97616634-155C-40E3-BEAE-5C65C263144D}.Debug|Any CPU.Build.0 = Debug|Any CPU
		{97616634-155C-40E3-BEAE-5C65C263144D}.Debug|Any CPU.Deploy.0 = Debug|Any CPU
		{97616634-155C-40E3-BEAE-5C65C263144D}.Debug|ARM.ActiveCfg = Debug|Any CPU
		{97616634-155C-40E3-BEAE-5C65C263144D}.Debug|ARM.Build.0 = Debug|Any CPU
		{97616634-155C-40E3-BEAE-5C65C263144D}.Debug|ARM.Deploy.0 = Debug|Any CPU
		{97616634-155C-40E3-BEAE-5C65C263144D}.Debug|iPhone.ActiveCfg = Debug|Any CPU
		{97616634-155C-40E3-BEAE-5C65C263144D}.Debug|iPhone.Build.0 = Debug|Any CPU
		{97616634-155C-40E3-BEAE-5C65C263144D}.Debug|iPhone.Deploy.0 = Debug|Any CPU
		{97616634-155C-40E3-BEAE-5C65C263144D}.Debug|iPhoneSimulator.ActiveCfg = Debug|Any CPU
		{97616634-155C-40E3-BEAE-5C65C263144D}.Debug|iPhoneSimulator.Build.0 = Debug|Any CPU
		{97616634-155C-40E3-BEAE-5C65C263144D}.Debug|iPhoneSimulator.Deploy.0 = Debug|Any CPU
		{97616634-155C-40E3-BEAE-5C65C263144D}.Debug|x86.ActiveCfg = Debug|Any CPU
		{97616634-155C-40E3-BEAE-5C65C263144D}.Debug|x86.Build.0 = Debug|Any CPU
		{97616634-155C-40E3-BEAE-5C65C263144D}.Debug|x86.Deploy.0 = Debug|Any CPU
		{97616634-155C-40E3-BEAE-5C65C263144D}.Release|Any CPU.ActiveCfg = Release|Any CPU
		{97616634-155C-40E3-BEAE-5C65C263144D}.Release|Any CPU.Build.0 = Release|Any CPU
		{97616634-155C-40E3-BEAE-5C65C263144D}.Release|Any CPU.Deploy.0 = Release|Any CPU
		{97616634-155C-40E3-BEAE-5C65C263144D}.Release|ARM.ActiveCfg = Release|Any CPU
		{97616634-155C-40E3-BEAE-5C65C263144D}.Release|ARM.Build.0 = Release|Any CPU
		{97616634-155C-40E3-BEAE-5C65C263144D}.Release|ARM.Deploy.0 = Release|Any CPU
		{97616634-155C-40E3-BEAE-5C65C263144D}.Release|iPhone.ActiveCfg = Release|Any CPU
		{97616634-155C-40E3-BEAE-5C65C263144D}.Release|iPhone.Build.0 = Release|Any CPU
		{97616634-155C-40E3-BEAE-5C65C263144D}.Release|iPhone.Deploy.0 = Release|Any CPU
		{97616634-155C-40E3-BEAE-5C65C263144D}.Release|iPhoneSimulator.ActiveCfg = Release|Any CPU
		{97616634-155C-40E3-BEAE-5C65C263144D}.Release|iPhoneSimulator.Build.0 = Release|Any CPU
		{97616634-155C-40E3-BEAE-5C65C263144D}.Release|iPhoneSimulator.Deploy.0 = Release|Any CPU
		{97616634-155C-40E3-BEAE-5C65C263144D}.Release|x86.ActiveCfg = Release|Any CPU
		{97616634-155C-40E3-BEAE-5C65C263144D}.Release|x86.Build.0 = Release|Any CPU
		{97616634-155C-40E3-BEAE-5C65C263144D}.Release|x86.Deploy.0 = Release|Any CPU
		{D0A42556-4834-422C-B581-290430030659}.Ad-Hoc|Any CPU.ActiveCfg = Release|Any CPU
		{D0A42556-4834-422C-B581-290430030659}.Ad-Hoc|Any CPU.Build.0 = Release|Any CPU
		{D0A42556-4834-422C-B581-290430030659}.Ad-Hoc|Any CPU.Deploy.0 = Release|Any CPU
		{D0A42556-4834-422C-B581-290430030659}.Ad-Hoc|ARM.ActiveCfg = Release|ARM
		{D0A42556-4834-422C-B581-290430030659}.Ad-Hoc|ARM.Build.0 = Release|ARM
		{D0A42556-4834-422C-B581-290430030659}.Ad-Hoc|ARM.Deploy.0 = Release|ARM
		{D0A42556-4834-422C-B581-290430030659}.Ad-Hoc|iPhone.ActiveCfg = Release|Any CPU
		{D0A42556-4834-422C-B581-290430030659}.Ad-Hoc|iPhone.Build.0 = Release|Any CPU
		{D0A42556-4834-422C-B581-290430030659}.Ad-Hoc|iPhone.Deploy.0 = Release|Any CPU
		{D0A42556-4834-422C-B581-290430030659}.Ad-Hoc|iPhoneSimulator.ActiveCfg = Release|Any CPU
		{D0A42556-4834-422C-B581-290430030659}.Ad-Hoc|iPhoneSimulator.Build.0 = Release|Any CPU
		{D0A42556-4834-422C-B581-290430030659}.Ad-Hoc|iPhoneSimulator.Deploy.0 = Release|Any CPU
		{D0A42556-4834-422C-B581-290430030659}.Ad-Hoc|x86.ActiveCfg = Release|x86
		{D0A42556-4834-422C-B581-290430030659}.Ad-Hoc|x86.Build.0 = Release|x86
		{D0A42556-4834-422C-B581-290430030659}.Ad-Hoc|x86.Deploy.0 = Release|x86
		{D0A42556-4834-422C-B581-290430030659}.AppStore|Any CPU.ActiveCfg = Release|Any CPU
		{D0A42556-4834-422C-B581-290430030659}.AppStore|Any CPU.Build.0 = Release|Any CPU
		{D0A42556-4834-422C-B581-290430030659}.AppStore|Any CPU.Deploy.0 = Release|Any CPU
		{D0A42556-4834-422C-B581-290430030659}.AppStore|ARM.ActiveCfg = Release|ARM
		{D0A42556-4834-422C-B581-290430030659}.AppStore|ARM.Build.0 = Release|ARM
		{D0A42556-4834-422C-B581-290430030659}.AppStore|ARM.Deploy.0 = Release|ARM
		{D0A42556-4834-422C-B581-290430030659}.AppStore|iPhone.ActiveCfg = Release|Any CPU
		{D0A42556-4834-422C-B581-290430030659}.AppStore|iPhone.Build.0 = Release|Any CPU
		{D0A42556-4834-422C-B581-290430030659}.AppStore|iPhone.Deploy.0 = Release|Any CPU
		{D0A42556-4834-422C-B581-290430030659}.AppStore|iPhoneSimulator.ActiveCfg = Release|Any CPU
		{D0A42556-4834-422C-B581-290430030659}.AppStore|iPhoneSimulator.Build.0 = Release|Any CPU
		{D0A42556-4834-422C-B581-290430030659}.AppStore|iPhoneSimulator.Deploy.0 = Release|Any CPU
		{D0A42556-4834-422C-B581-290430030659}.AppStore|x86.ActiveCfg = Release|x86
		{D0A42556-4834-422C-B581-290430030659}.AppStore|x86.Build.0 = Release|x86
		{D0A42556-4834-422C-B581-290430030659}.AppStore|x86.Deploy.0 = Release|x86
		{D0A42556-4834-422C-B581-290430030659}.Debug|Any CPU.ActiveCfg = Debug|Any CPU
		{D0A42556-4834-422C-B581-290430030659}.Debug|Any CPU.Build.0 = Debug|Any CPU
		{D0A42556-4834-422C-B581-290430030659}.Debug|Any CPU.Deploy.0 = Debug|Any CPU
		{D0A42556-4834-422C-B581-290430030659}.Debug|ARM.ActiveCfg = Debug|ARM
		{D0A42556-4834-422C-B581-290430030659}.Debug|ARM.Build.0 = Debug|ARM
		{D0A42556-4834-422C-B581-290430030659}.Debug|ARM.Deploy.0 = Debug|ARM
		{D0A42556-4834-422C-B581-290430030659}.Debug|iPhone.ActiveCfg = Debug|Any CPU
		{D0A42556-4834-422C-B581-290430030659}.Debug|iPhone.Build.0 = Debug|Any CPU
		{D0A42556-4834-422C-B581-290430030659}.Debug|iPhone.Deploy.0 = Debug|Any CPU
		{D0A42556-4834-422C-B581-290430030659}.Debug|iPhoneSimulator.ActiveCfg = Debug|Any CPU
		{D0A42556-4834-422C-B581-290430030659}.Debug|iPhoneSimulator.Build.0 = Debug|Any CPU
		{D0A42556-4834-422C-B581-290430030659}.Debug|iPhoneSimulator.Deploy.0 = Debug|Any CPU
		{D0A42556-4834-422C-B581-290430030659}.Debug|x86.ActiveCfg = Debug|x86
		{D0A42556-4834-422C-B581-290430030659}.Debug|x86.Build.0 = Debug|x86
		{D0A42556-4834-422C-B581-290430030659}.Debug|x86.Deploy.0 = Debug|x86
		{D0A42556-4834-422C-B581-290430030659}.Release|Any CPU.ActiveCfg = Release|Any CPU
		{D0A42556-4834-422C-B581-290430030659}.Release|Any CPU.Build.0 = Release|Any CPU
		{D0A42556-4834-422C-B581-290430030659}.Release|Any CPU.Deploy.0 = Release|Any CPU
		{D0A42556-4834-422C-B581-290430030659}.Release|ARM.ActiveCfg = Release|ARM
		{D0A42556-4834-422C-B581-290430030659}.Release|ARM.Build.0 = Release|ARM
		{D0A42556-4834-422C-B581-290430030659}.Release|ARM.Deploy.0 = Release|ARM
		{D0A42556-4834-422C-B581-290430030659}.Release|iPhone.ActiveCfg = Release|Any CPU
		{D0A42556-4834-422C-B581-290430030659}.Release|iPhone.Build.0 = Release|Any CPU
		{D0A42556-4834-422C-B581-290430030659}.Release|iPhone.Deploy.0 = Release|Any CPU
		{D0A42556-4834-422C-B581-290430030659}.Release|iPhoneSimulator.ActiveCfg = Release|Any CPU
		{D0A42556-4834-422C-B581-290430030659}.Release|iPhoneSimulator.Build.0 = Release|Any CPU
		{D0A42556-4834-422C-B581-290430030659}.Release|iPhoneSimulator.Deploy.0 = Release|Any CPU
		{D0A42556-4834-422C-B581-290430030659}.Release|x86.ActiveCfg = Release|x86
		{D0A42556-4834-422C-B581-290430030659}.Release|x86.Build.0 = Release|x86
		{D0A42556-4834-422C-B581-290430030659}.Release|x86.Deploy.0 = Release|x86
	EndGlobalSection
	GlobalSection(SolutionProperties) = preSolution
		HideSolutionNode = FALSE
	EndGlobalSection
EndGlobal
